
Microsoft Visual Studio Solution File, Format Version 12.00
# Visual Studio 15
VisualStudioVersion = 15.0.27130.2020
MinimumVisualStudioVersion = 10.0.40219.1
Project("{FAE04EC0-301F-11D3-BF4B-00C04F79EFBC}") = "AGMGSkv9MonoGames", "AGMGSkv9MonoGames\AGMGSkv9MonoGames.csproj", "{BA38A525-6552-42D9-BD00-B66E8A6440AD}"
EndProject
Global
	GlobalSection(SolutionConfigurationPlatforms) = preSolution
		Debug|Any CPU = Debug|Any CPU
		Release|Any CPU = Release|Any CPU
	EndGlobalSection
	GlobalSection(ProjectConfigurationPlatforms) = postSolution
		{BA38A525-6552-42D9-BD00-B66E8A6440AD}.Debug|Any CPU.ActiveCfg = Debug|Any CPU
		{BA38A525-6552-42D9-BD00-B66E8A6440AD}.Debug|Any CPU.Build.0 = Debug|Any CPU
		{BA38A525-6552-42D9-BD00-B66E8A6440AD}.Release|Any CPU.ActiveCfg = Release|Any CPU
		{BA38A525-6552-42D9-BD00-B66E8A6440AD}.Release|Any CPU.Build.0 = Release|Any CPU
	EndGlobalSection
	GlobalSection(SolutionProperties) = preSolution
		HideSolutionNode = FALSE
	EndGlobalSection
	GlobalSection(ExtensibilityGlobals) = postSolution
		SolutionGuid = {CE256E3B-F02F-43F4-9E67-30F3E0D66419}
	EndGlobalSection
EndGlobal
